dependencies:
  chmorgan/esp-audio-player:
    component_hash: 9f762bbd153b6a49fab1f9181d1dd9467b76cb19c6901a10ec835ae451145354
    source:
      service_url: https://api.components.espressif.com/
      type: service
    version: 1.0.6
  chmorgan/esp-file-iterator:
    component_hash: 327091394b9ef5c2cd395a960ab70ae64479e0a8831cbd9925e38895fad93719
    source:
      service_url: https://api.components.espressif.com/
      type: service
    version: 1.0.0
  chmorgan/esp-libhelix-mp3:
    component_hash: cbb76089dc2c5749f7b470e2e70aedc44c9da519e04eb9a67d4c7ec275229e53
    source:
      service_url: https://api.components.espressif.com/
      type: service
    version: 1.0.3
  espressif/button:
    component_hash: 1f5297fe16f0ee988dbb14b6f4c91782fe2baf85025bb15cc1e0093edd3fb2ee
    source:
      service_url: https://api.components.espressif.com/
      type: service
    version: 3.2.0
  espressif/cmake_utilities:
    component_hash: 351350613ceafba240b761b4ea991e0f231ac7a9f59a9ee901f751bddc0bb18f
    source:
      service_url: https://api.components.espressif.com/
      type: service
    version: 0.5.3
  espressif/esp-box:
    component_hash: 414c56448aa7ddc96f0ece236d5b1ad735e8e5ad20b4197df4b93afefc953f19
    source:
      service_url: https://api.components.espressif.com/
      type: service
    version: 3.1.0
  espressif/esp-box-3:
    component_hash: 8d877ee1abfd9d2d528219f3b48e682248b9fb3afce23a56cdbcdbf7c606e2a4
    source:
      service_url: https://api.components.espressif.com/
      type: service
    version: 1.2.0
  espressif/esp-box-lite:
    component_hash: e0cd22cb25ef48c41ead6c76d88d0cc0f6f2b1f5fc2106a3b820ec2df240b0bd
    source:
      service_url: https://api.components.espressif.com/
      type: service
    version: 2.1.0
  espressif/esp-dsp:
    component_hash: 3e7bbd487f1357a1d4944d0c85966d049501ea281b8a4c7f93f7cfedd5b7f23d
    source:
      service_url: https://api.components.espressif.com/
      type: service
    version: 1.4.12
  espressif/esp-sr:
    component_hash: a2fa6906d7045785abe6ce65d4c267b0e6c96e9ff2d549f8a44e375a5eb66486
    source:
      service_url: https://api.components.espressif.com/
      type: service
    version: 1.3.3
  espressif/esp_codec_dev:
    component_hash: 1a3a2e518cd8b52e8796ec393a4050977f8f113599056faf085a02a57e194f86
    source:
      service_url: https://api.components.espressif.com/
      type: service
    version: 1.1.0
  espressif/esp_lcd_ili9341:
    component_hash: 31f1b793aa2110dd2ae071c21ccbff0a4eb20d9a4ee40b6294c0dc0ad9552c4e
    source:
      service_url: https://api.components.espressif.com/
      type: service
    version: 1.2.0
  espressif/esp_lcd_touch:
    component_hash: d4d8f2dc33205797169a97a02e0d89a8982f59fe0509129b54422052b8522f59
    source:
      service_url: https://api.components.espressif.com/
      type: service
    version: 1.1.1
  espressif/esp_lcd_touch_gt911:
    component_hash: 20ac25d1439dbe177764dbed9cd868388fecb052380b5349f2e9e370013ca76a
    source:
      service_url: https://api.components.espressif.com/
      type: service
    version: 1.1.0
  espressif/esp_lcd_touch_tt21100:
    component_hash: 3670f6f3d68c120d680d70ffdf2dc10f6c2a5bea8c0e87521fb92ac2af1f94c5
    source:
      service_url: https://api.components.espressif.com/
      type: service
    version: 1.1.0
  espressif/esp_lvgl_port:
    component_hash: 84a6ff3f4b4c5dc271a54017417d92fc746cc9cad2e996d349e2193d937f237e
    source:
      service_url: https://api.components.espressif.com/
      type: service
    version: 2.2.1
  espressif/icm42670:
    component_hash: 3327870e7a125e7278f318297726138278f0cda2898f2461c01af0423d4afcda
    source:
      service_url: https://api.components.espressif.com/
      type: service
    version: 1.0.0
  idf:
    component_hash: null
    source:
      type: idf
    version: 5.2.1
  lvgl/lvgl:
    component_hash: 51022b16bce6ee90f54a8bd21cd6d497d886916899b577b1bebb9125b91e23fc
    source:
      service_url: https://api.components.espressif.com/
      type: service
    version: 8.3.10
manifest_hash: 5537dfd454a6ed757e7bf96eaf47beb253b5f2d18ea7df6b329f37616fc6fd6e
target: esp32s3
version: 1.0.0
